{
  "name": "5.4",
  "lockfileVersion": 3,
  "requires": true,
  "packages": {
    "": {
      "dependencies": {
        "types-registry": "^0.1.685"
      },
      "devDependencies": {
        "@types/page": "^1.11.9"
      }
    },
    "node_modules/@types/page": {
      "version": "1.11.9",
      "resolved": "https://registry.npmjs.org/@types/page/-/page-1.11.9.tgz",
      "integrity": "sha512-Ki8IZMwg63i7+tF3UpfDIl4rwBN1B1kWQjZCUzaWoohfMB0m9CYap/dExbz7W21uS2WPoA/8lvlDuwX0X/YfIQ==",
      "dev": true
    },
    "node_modules/types-registry": {
      "version": "0.1.685",
      "resolved": "https://registry.npmjs.org/types-registry/-/types-registry-0.1.685.tgz",
      "integrity": "sha512-dC3Nqu/q2Ey8Jj/YV0plEub0oycMiu3VaAf+tf8X5uhtiRS4iF1BubY5cra1LIaKr+fTblxQvoVAYIPeVj1A9g=="
    }
  }
}
